# Repo-split candidate (#952, docs/repo-split-cutover.md). CI ONLY: nothing releases from this file.
#
# NOEVIA_SPLIT_CUT_SHA is the noevia commit that tools/repo-split extracted noevia-web, noevia-core
# and noevia-services from; the refs below are those repos' main heads after that extraction (each
# one's last commit says `Split-Source: <cut sha>`). CI ("Repo split: byte identity") proves, at
# the cut sha:
#   - git level: every mapped path has the same mode and object id in the split repo as in noevia
#     (repo-split verify);
#   - release level: assembling with these refs (assemble-release.sh --lock) gives the same web/,
#     core/ and services/ trees as `self` mode, and the same web image as apps/web/Dockerfile.
# release/versions.lock keeps `self` until the cutover copies these refs into it.
NOEVIA_SPLIT_CUT_SHA=f42f65f1271ef27bf697bf7e069c232468479791
NOEVIA_WEB_REF=9ca6a48375624df2751bfdee1a3657aae8f25bd1
NOEVIA_WEB_SHA256=c5d5402c0cd4cf03ad9a985e63eadf35b9a98267535fc6dd7ed0bc5a48b338e4
NOEVIA_CORE_REF=93d180a199f06769be2c12f47277637f06c354c7
NOEVIA_CORE_SHA256=8b0ac74086dfeafb048d95a5f11d6c7e190476b88880f2bb9842cd18d8540eb0
NOEVIA_SERVICES_REF=54449fce271398da58117d280ca8089058fff0cc
NOEVIA_SERVICES_SHA256=be2b1f0508186ecf5b83f61262d7723edfd244f807745a6ecc358664997a87b7
