# Pinned sources for a noevia release (ADR 0001, docs/adr-0001-rust-and-repo-split.md).
# One KEY=<value> per line; '#' starts a comment. The server never clones: releases fetch each
# pinned repo as an anonymous https tarball and verify its checksum.
#
# Since the repo split cutover (#952, docs/repo-split-cutover.md) the web client, the server and
# the sidecars live in their own repos, and a release is assembled from these pins by
# deploy/tools/assemble-release.sh, which reads this file AS COMMITTED AT THE RELEASED noevia SHA:
#   NOEVIA_WEB_REF       sbstndalton/noevia-web       -> web/       (client)
#   NOEVIA_CORE_REF      sbstndalton/noevia-core      -> core/      (server, contracts, code-sandbox)
#   NOEVIA_SERVICES_REF  sbstndalton/noevia-services  -> services/  (diary, docling, laya,
#                                                                    model-manager, ocr)
# Each is a 40-character commit SHA, fetched from
# https://codeload.github.com/sbstndalton/<repo>/tar.gz/<ref>; the REQUIRED <KEY>_SHA256 pins that
# tarball's checksum (`curl -fsSL <url> | shasum -a 256`). `self` (export from this checkout) only
# works at commits from before the cutover, which still have apps/web and services/.
# Every pinned ref (web, core, services, rs) must be reachable from its repo's main (CI checks).
# To ship a change made in one of those repos, bump its _REF and _SHA256 here in a PR; CI
# ("Assembled release") assembles from this file, builds the web image and boots it.
# Per-service image tags (DIARY_VERSION, OCR_VERSION, ...) keep their meaning.
#
# NOEVIA_RS_REF: sbstndalton/noevia-rs, built into the model-manager image as gguf-meta and
# model-files, into the ocr image as docx-text, and into the dark egress-rs image (#909, #964,
# #981, #926). Bumping it also means updating NOEVIA_RS_REF and NOEVIA_RS_SHA256 in
# deploy/egress-proxy/Dockerfile and in noevia-services' model-manager/Dockerfile and
# ocr/Dockerfile (CI fails if any Dockerfile default differs from this file).
NOEVIA_RS_REF=89dfbcb85e5a40ae58be21f9cca897b984845ce4
NOEVIA_WEB_REF=f20e7f6185b4bb1f78ffaa7e3b9e74d90879c833
NOEVIA_WEB_SHA256=1b36e748830dde83879abce1ca98cbbc232e16e7493477c3636b1a9253f859bb
NOEVIA_CORE_REF=cfdad3ce8e93e7fba1e7a12260c968bebf1b8e63
NOEVIA_CORE_SHA256=8ecb09f6b6378f83738c84f023bd35dc9607d1e88453254b79afbfd704e91df7
NOEVIA_SERVICES_REF=70864f26d9f814770cdba0c53f430a8e142f86dc
NOEVIA_SERVICES_SHA256=6a5352ea56489f4377373cf658753806c8a3fa17d748528c4cf2ac0220b9d3af
