# Temporary S3 draft pins (rs#65/services#21); merge blocked until merged SHA repins.
# Pinned sources for a noevia release (ADR 0001, docs/adr-0001-rust-and-repo-split.md).
# One KEY=<value> per line; '#' starts a comment. The server never clones: releases fetch each
# pinned repo as an anonymous https tarball and verify its checksum.
#
# Since the repo split cutover (#952, docs/repo-split-cutover.md) the web client, the server and
# the sidecars live in their own repos, and a release is assembled from these pins by
# deploy/tools/assemble-release.sh, which reads this file AS COMMITTED AT THE RELEASED noevia SHA:
#   NOEVIA_WEB_REF       sbstndalton/noevia-web       -> web/       (client)
#   NOEVIA_CORE_REF      sbstndalton/noevia-core      -> core/      (server, contracts, code-sandbox)
#   NOEVIA_SERVICES_REF  sbstndalton/noevia-services  -> services/  (diary, docling, laya,
#                                                                    model-manager, ocr)
# Each is a 40-character commit SHA, fetched from
# https://codeload.github.com/sbstndalton/<repo>/tar.gz/<ref>; the REQUIRED <KEY>_SHA256 pins that
# tarball's checksum (`curl -fsSL <url> | shasum -a 256`). `self` (export from this checkout) only
# works at commits from before the cutover, which still have apps/web and services/.
# Every pinned ref (web, core, services, rs) must be reachable from its repo's main (CI checks).
# To ship a change made in one of those repos, bump its _REF and _SHA256 here in a PR; CI
# ("Assembled release") assembles from this file, builds the web image and boots it.
# Per-service image tags (DIARY_VERSION, OCR_VERSION, ...) keep their meaning.
#
# NOEVIA_RS_REF: sbstndalton/noevia-rs, built into the model-manager image as gguf-meta and
# model-files, into the ocr image as docx-text, into the diary image as tenant-assertion (also
# built by deploy/examples/diary-overlay.sh from the diary Dockerfile's pin), and into the dark
# egress-rs image (#909, #964, #981, #926). Bumping it also means updating NOEVIA_RS_REF and
# NOEVIA_RS_SHA256 in deploy/egress-proxy/Dockerfile and in noevia-services' model-manager/,
# ocr/ and diary/Dockerfile (CI fails if any Dockerfile default differs from this file).
# NOEVIA_RS_SHA256 (M1) is that ref's tarball checksum, the same value as the Dockerfiles'
# ARG NOEVIA_RS_SHA256 (CI checks): assemble-release.sh fetches noevia-rs into the release tree's
# rs/, and build/web.Dockerfile builds the Rust front (bins/noevia-server, NOEVIA_FRONT=rust) from
# it. A ref from before bins/noevia-server builds a web image without the front.
NOEVIA_RS_REF=f96cafe6a964a775054c1d995a8ad80935dd02ca
NOEVIA_RS_SHA256=647de9ef2a6aecb1e58dc36c02a998e5476a1d79d90b94845066aec7012f7110
NOEVIA_WEB_REF=e80b44931f7b6062d0c99644932d450bb6cca848
NOEVIA_WEB_SHA256=73a5901e0f01882412a78c18503ca08914febb4f01a61f2cade5e30d87817271
NOEVIA_CORE_REF=8bc410261089fa286986b52e9eb898dd7acac992
NOEVIA_CORE_SHA256=82e5288822dda04476e220efdbca5503fb63b903917c1e601be162ea82dd0b26
NOEVIA_SERVICES_REF=82517ee160200a6838f249e9678144004da7b3c9
NOEVIA_SERVICES_SHA256=88c95adc2c3cebc676a63c056fce76cccd5df87ece5dc7e532465f75d29a6246
